schema: '2.0'
stages:
  data_validation:
    cmd: python src/mlProject/pipeline/stage_02_data_validation.py
    deps:
    - path: src/mlProject/components/data_validation.py
      hash: md5
      md5: a3bfad6c56676c46144cd55d167bc349
      size: 1102
    - path: src/mlProject/config/configuration.py
      hash: md5
      md5: 5ef4b0a0304f4fb6d068974462a5c8a3
      size: 3590
    - path: src/mlProject/constants/__init__.py
      hash: md5
      md5: 8a8dd7246eac0168b721b0123ccac383
      size: 153
    - path: src/mlProject/entity/config_entity.py
      hash: md5
      md5: 870090fbd5eb1336b0b45a106d7b5674
      size: 903
    - path: src/mlProject/pipeline/stage_02_data_validation.py
      hash: md5
      md5: 0d0c016948b85f8af46bda4ebe16e7e8
      size: 879
    - path: src/mlProject/utils/common.py
      hash: md5
      md5: d2cb33c84a4098a5435bc3ee57587327
      size: 2960
    outs:
    - path: artifacts/data_validation/status.txt
      hash: md5
      md5: 86e6a2f694c57a675b3e2da6b95ff9ba
      size: 23
  data_transformation:
    cmd: python src/mlProject/pipeline/stage_03_data_transformation.py
    deps:
    - path: src/mlProject/components/data_transformation.py
      hash: md5
      md5: 639a30c517caa1f73267b5d59e0fdf02
      size: 1168
    - path: src/mlProject/config/configuration.py
      hash: md5
      md5: 5ef4b0a0304f4fb6d068974462a5c8a3
      size: 3590
    - path: src/mlProject/constants/__init__.py
      hash: md5
      md5: 8a8dd7246eac0168b721b0123ccac383
      size: 153
    - path: src/mlProject/entity/config_entity.py
      hash: md5
      md5: 870090fbd5eb1336b0b45a106d7b5674
      size: 903
    - path: src/mlProject/pipeline/stage_03_data_transformation.py
      hash: md5
      md5: f99dc96f8d75838e2134591b6553c54c
      size: 1318
    - path: src/mlProject/utils/common.py
      hash: md5
      md5: d2cb33c84a4098a5435bc3ee57587327
      size: 2960
    outs:
    - path: artifacts/data_transformation/test.csv
      hash: md5
      md5: 7370d541e7bcab20389fa02bcbf5521e
      size: 23855
    - path: artifacts/data_transformation/train.csv
      hash: md5
      md5: 585530a24f41939a8635ae20411c197b
      size: 71377
  model_trainer:
    cmd: python src/mlProject/pipeline/stage_04_model_trainer.py
    deps:
    - path: src/mlProject/components/model_trainer.py
      hash: md5
      md5: 57eff832f2533bf7747ddd549587922c
      size: 936
    - path: src/mlProject/config/configuration.py
      hash: md5
      md5: 5ef4b0a0304f4fb6d068974462a5c8a3
      size: 3590
    - path: src/mlProject/constants/__init__.py
      hash: md5
      md5: 8a8dd7246eac0168b721b0123ccac383
      size: 153
    - path: src/mlProject/entity/config_entity.py
      hash: md5
      md5: 870090fbd5eb1336b0b45a106d7b5674
      size: 903
    - path: src/mlProject/pipeline/stage_04_model_trainer.py
      hash: md5
      md5: 57d56b0c3c64cc1a68d57c23f42664be
      size: 854
    - path: src/mlProject/utils/common.py
      hash: md5
      md5: d2cb33c84a4098a5435bc3ee57587327
      size: 2960
    params:
      config/config.yaml:
        model_trainer:
          root_dir: artifacts/model_trainer
          train_data_path: artifacts/data_transformation/train.csv
          test_data_path: artifacts/data_transformation/test.csv
          model_name: model.joblib
    outs:
    - path: artifacts/model_trainer/model.joblib
      hash: md5
      md5: 96085ab00aad896bec378239a1b154d1
      size: 1279
